
Microsoft Visual Studio Solution File, Format Version 12.00
# Visual Studio Version 16
VisualStudioVersion = 16.0.31729.503
MinimumVisualStudioVersion = 10.0.40219.1
Project("{FAE04EC0-301F-11D3-BF4B-00C04F79EFBC}") = "ConsoleAnimations", "ConsoleAnimations\ConsoleAnimations.csproj", "{1D98649B-BED0-4080-A530-AC3A2BB1CC13}"
EndProject
Global
	GlobalSection(SolutionConfigurationPlatforms) = preSolution
		Debug|Any CPU = Debug|Any CPU
		Release|Any CPU = Release|Any CPU
	EndGlobalSection
	GlobalSection(ProjectConfigurationPlatforms) = postSolution
		{1D98649B-BED0-4080-A530-AC3A2BB1CC13}.Debug|Any CPU.ActiveCfg = Debug|Any CPU
		{1D98649B-BED0-4080-A530-AC3A2BB1CC13}.Debug|Any CPU.Build.0 = Debug|Any CPU
		{1D98649B-BED0-4080-A530-AC3A2BB1CC13}.Release|Any CPU.ActiveCfg = Release|Any CPU
		{1D98649B-BED0-4080-A530-AC3A2BB1CC13}.Release|Any CPU.Build.0 = Release|Any CPU
	EndGlobalSection
	GlobalSection(SolutionProperties) = preSolution
		HideSolutionNode = FALSE
	EndGlobalSection
	GlobalSection(ExtensibilityGlobals) = postSolution
		SolutionGuid = {AE74950F-6CBE-4A21-A19D-9773898B92E3}
	EndGlobalSection
EndGlobal
